# THIS IS AN AUTOGENERATED FILE. DO NOT EDIT THIS FILE DIRECTLY.
# yarn lockfile v1


brainsatplay-math@^0.0.2:
  version "0.0.2"
  resolved "https://registry.yarnpkg.com/brainsatplay-math/-/brainsatplay-math-0.0.2.tgz#0b78b41c4661b6c900cc132df2dcedaebacadf56"
  integrity sha512-7fjUfcmR2TcHtRh9jCds1WF1HZWhvvDytE6ngrkOUnMTQTbrDs0iAcp8NjMEiHumJRjcaD/c6PN60wIY0rjQaQ==
